{
  "version": 4,
  "terraform_version": "1.5.7",
  "serial": 118,
  "lineage": "84c2a17c-a4c0-e81a-cfa3-7ddcb184ded7",
  "outputs": {},
  "resources": [
    {
      "mode": "managed",
      "type": "render_web_service",
      "name": "auth_service",
      "provider": "provider[\"registry.terraform.io/render-oss/render\"]",
      "instances": [
        {
          "schema_version": 0,
          "attributes": {
            "autoscaling": null,
            "custom_domains": null,
            "disk": null,
            "env_vars": {
              "DATABASE_URL": {
                "generate_value": false,
                "value": "postgresql://unifiedchat:UbVLKeEU9M2yxyyrzqqwwRr3TTktui37ZK@dpg-d1p7t1mr433s73d3oje0-a/ucalldb"
              }
            },
            "environment_id": null,
            "health_check_path": "/health",
            "id": "srv-d1p7ninfte5s73c2chhg",
            "max_shutdown_delay_seconds": null,
            "name": "alcall-auth-service",
            "notification_override": {
              "notifications_to_send": "default",
              "preview_notifications_enabled": "default"
            },
            "num_instances": 1,
            "plan": "starter",
            "pre_deploy_command": null,
            "pull_request_previews_enabled": false,
            "region": "frankfurt",
            "root_directory": "",
            "runtime_source": {
              "docker": {
                "auto_deploy": true,
                "branch": "repo-setup-fixes",
                "build_filter": null,
                "context": ".",
                "dockerfile_path": "./Dockerfile",
                "registry_credential_id": null,
                "repo_url": "https://github.com/Nbouchek/alcall"
              },
              "image": null,
              "native_runtime": null
            },
            "secret_files": null,
            "slug": "alcall-auth-service",
            "start_command": null,
            "url": "https://alcall-auth-service.onrender.com"
          },
          "sensitive_attributes": []
        }
      ]
    },
    {
      "mode": "managed",
      "type": "render_web_service",
      "name": "gateway_service",
      "provider": "provider[\"registry.terraform.io/render-oss/render\"]",
      "instances": [
        {
          "schema_version": 0,
          "attributes": {
            "autoscaling": null,
            "custom_domains": null,
            "disk": null,
            "env_vars": null,
            "environment_id": null,
            "health_check_path": "/health",
            "id": "srv-d1p7ninfte5s73c2chh0",
            "max_shutdown_delay_seconds": null,
            "name": "alcall-gateway-service",
            "notification_override": {
              "notifications_to_send": "default",
              "preview_notifications_enabled": "default"
            },
            "num_instances": 1,
            "plan": "starter",
            "pre_deploy_command": null,
            "pull_request_previews_enabled": false,
            "region": "frankfurt",
            "root_directory": "",
            "runtime_source": {
              "docker": {
                "auto_deploy": true,
                "branch": "repo-setup-fixes",
                "build_filter": null,
                "context": ".",
                "dockerfile_path": "./Dockerfile",
                "registry_credential_id": null,
                "repo_url": "https://github.com/Nbouchek/alcall"
              },
              "image": null,
              "native_runtime": null
            },
            "secret_files": null,
            "slug": "alcall-gateway-service",
            "start_command": null,
            "url": "https://alcall-gateway-service.onrender.com"
          },
          "sensitive_attributes": []
        }
      ]
    },
    {
      "mode": "managed",
      "type": "render_web_service",
      "name": "janus_service",
      "provider": "provider[\"registry.terraform.io/render-oss/render\"]",
      "instances": [
        {
          "schema_version": 0,
          "attributes": {
            "autoscaling": null,
            "custom_domains": null,
            "disk": null,
            "env_vars": null,
            "environment_id": null,
            "health_check_path": "/health",
            "id": "srv-d1p7nimr433s73d3hk7g",
            "max_shutdown_delay_seconds": null,
            "name": "alcall-janus-service",
            "notification_override": {
              "notifications_to_send": "default",
              "preview_notifications_enabled": "default"
            },
            "num_instances": 1,
            "plan": "starter",
            "pre_deploy_command": null,
            "pull_request_previews_enabled": false,
            "region": "frankfurt",
            "root_directory": "",
            "runtime_source": {
              "docker": {
                "auto_deploy": true,
                "branch": "repo-setup-fixes",
                "build_filter": null,
                "context": ".",
                "dockerfile_path": "./Dockerfile",
                "registry_credential_id": null,
                "repo_url": "https://github.com/Nbouchek/alcall"
              },
              "image": null,
              "native_runtime": null
            },
            "secret_files": null,
            "slug": "alcall-janus-service",
            "start_command": null,
            "url": "https://alcall-janus-service.onrender.com"
          },
          "sensitive_attributes": []
        }
      ]
    },
    {
      "mode": "managed",
      "type": "render_web_service",
      "name": "message_service",
      "provider": "provider[\"registry.terraform.io/render-oss/render\"]",
      "instances": [
        {
          "schema_version": 0,
          "attributes": {
            "autoscaling": null,
            "custom_domains": null,
            "disk": null,
            "env_vars": {
              "DATABASE_URL": {
                "generate_value": false,
                "value": "postgresql://unifiedchat:UbVLKeEU9M2yxyyrzqqwwRr3TTktui37ZK@dpg-d1p7t1mr433s73d3oje0-a/ucalldb"
              }
            },
            "environment_id": null,
            "health_check_path": "/health",
            "id": "srv-d1p7nik9c44c738bfqlg",
            "max_shutdown_delay_seconds": null,
            "name": "alcall-message-service",
            "notification_override": {
              "notifications_to_send": "default",
              "preview_notifications_enabled": "default"
            },
            "num_instances": 1,
            "plan": "starter",
            "pre_deploy_command": null,
            "pull_request_previews_enabled": false,
            "region": "frankfurt",
            "root_directory": "",
            "runtime_source": {
              "docker": {
                "auto_deploy": true,
                "branch": "repo-setup-fixes",
                "build_filter": null,
                "context": ".",
                "dockerfile_path": "./Dockerfile",
                "registry_credential_id": null,
                "repo_url": "https://github.com/Nbouchek/alcall"
              },
              "image": null,
              "native_runtime": null
            },
            "secret_files": null,
            "slug": "alcall-message-service",
            "start_command": null,
            "url": "https://alcall-message-service.onrender.com"
          },
          "sensitive_attributes": []
        }
      ]
    },
    {
      "mode": "managed",
      "type": "render_web_service",
      "name": "realtime_service",
      "provider": "provider[\"registry.terraform.io/render-oss/render\"]",
      "instances": [
        {
          "schema_version": 0,
          "attributes": {
            "autoscaling": null,
            "custom_domains": null,
            "disk": null,
            "env_vars": {
              "DATABASE_URL": {
                "generate_value": false,
                "value": "postgresql://unifiedchat:UbVLKeEU9M2yxyyrzqqwwRr3TTktui37ZK@dpg-d1p7t1mr433s73d3oje0-a/ucalldb"
              }
            },
            "environment_id": null,
            "health_check_path": "/health",
            "id": "srv-d1p7nije5dus73bibmhg",
            "max_shutdown_delay_seconds": null,
            "name": "alcall-realtime-service",
            "notification_override": {
              "notifications_to_send": "default",
              "preview_notifications_enabled": "default"
            },
            "num_instances": 1,
            "plan": "starter",
            "pre_deploy_command": null,
            "pull_request_previews_enabled": false,
            "region": "frankfurt",
            "root_directory": "",
            "runtime_source": {
              "docker": {
                "auto_deploy": true,
                "branch": "repo-setup-fixes",
                "build_filter": null,
                "context": ".",
                "dockerfile_path": "./Dockerfile",
                "registry_credential_id": null,
                "repo_url": "https://github.com/Nbouchek/alcall"
              },
              "image": null,
              "native_runtime": null
            },
            "secret_files": null,
            "slug": "alcall-realtime-service",
            "start_command": null,
            "url": "https://alcall-realtime-service.onrender.com"
          },
          "sensitive_attributes": []
        }
      ]
    },
    {
      "mode": "managed",
      "type": "render_web_service",
      "name": "user_service",
      "provider": "provider[\"registry.terraform.io/render-oss/render\"]",
      "instances": [
        {
          "schema_version": 0,
          "attributes": {
            "autoscaling": null,
            "custom_domains": null,
            "disk": null,
            "env_vars": {
              "DATABASE_URL": {
                "generate_value": false,
                "value": "postgresql://unifiedchat:UbVLKeEU9M2yxyyrzqqwwRr3TTktui37ZK@dpg-d1p7t1mr433s73d3oje0-a/ucalldb"
              }
            },
            "environment_id": null,
            "health_check_path": "/health",
            "id": "srv-d1p7nijipnbc73foh65g",
            "max_shutdown_delay_seconds": null,
            "name": "alcall-user-service",
            "notification_override": {
              "notifications_to_send": "default",
              "preview_notifications_enabled": "default"
            },
            "num_instances": 1,
            "plan": "starter",
            "pre_deploy_command": null,
            "pull_request_previews_enabled": false,
            "region": "frankfurt",
            "root_directory": "",
            "runtime_source": {
              "docker": {
                "auto_deploy": true,
                "branch": "repo-setup-fixes",
                "build_filter": null,
                "context": ".",
                "dockerfile_path": "./Dockerfile",
                "registry_credential_id": null,
                "repo_url": "https://github.com/Nbouchek/alcall"
              },
              "image": null,
              "native_runtime": null
            },
            "secret_files": null,
            "slug": "alcall-user-service",
            "start_command": null,
            "url": "https://alcall-user-service.onrender.com"
          },
          "sensitive_attributes": []
        }
      ]
    }
  ],
  "check_results": null
}
