{
  "version": 4,
  "terraform_version": "1.5.7",
  "serial": 7,
  "lineage": "e5111ae9-72b6-c21e-b8b3-d1d9c7b3457e",
  "outputs": {},
  "resources": [
    {
      "mode": "managed",
      "type": "render_postgres",
      "name": "alcall_db",
      "provider": "provider[\"registry.terraform.io/render-oss/render\"]",
      "instances": [
        {
          "schema_version": 0,
          "attributes": {
            "connection_info": {
              "external_connection_string": "postgresql://alcalluser:NO0wh4lReR4KIhifFUrgglFKXfACvUxq@dpg-d1pa3vbipnbc73fr5oog-a.frankfurt-postgres.render.com:5432/alcalldb",
              "internal_connection_string": "postgresql://alcalluser:NO0wh4lReR4KIhifFUrgglFKXfACvUxq@dpg-d1pa3vbipnbc73fr5oog-a/alcalldb",
              "password": "NO0wh4lReR4KIhifFUrgglFKXfACvUxq",
              "psql_command": "PGPASSWORD=NO0wh4lReR4KIhifFUrgglFKXfACvUxq psql -h dpg-d1pa3vbipnbc73fr5oog-a.frankfurt-postgres.render.com -p 5432 -U alcalluser alcalldb"
            },
            "database_name": "alcalldb",
            "database_user": "alcalluser",
            "datadog_api_key": null,
            "environment_id": null,
            "high_availability_enabled": false,
            "id": "dpg-d1pa3vbipnbc73fr5oog-a",
            "ip_allow_list": [],
            "name": "alcall-postgres-db",
            "plan": "free",
            "primary_postgres_id": null,
            "read_replicas": null,
            "region": "frankfurt",
            "role": "primary",
            "version": "14"
          },
          "sensitive_attributes": []
        }
      ]
    },
    {
      "mode": "managed",
      "type": "render_project",
      "name": "alcall",
      "provider": "provider[\"registry.terraform.io/render-oss/render\"]",
      "instances": [
        {
          "schema_version": 0,
          "attributes": {
            "environments": {
              "development": {
                "id": "evm-d1p9jjmr433s73d5knjg",
                "name": "development",
                "protected_status": "unprotected"
              },
              "production": {
                "id": "evm-d1p9jjmr433s73d5knk0",
                "name": "production",
                "protected_status": "unprotected"
              }
            },
            "id": "prj-d1p9jjmr433s73d5knj0",
            "name": "alcall"
          },
          "sensitive_attributes": []
        }
      ]
    },
    {
      "mode": "managed",
      "type": "render_web_service",
      "name": "auth_service",
      "provider": "provider[\"registry.terraform.io/render-oss/render\"]",
      "instances": [
        {
          "schema_version": 0,
          "attributes": {
            "autoscaling": null,
            "custom_domains": null,
            "disk": null,
            "env_vars": {
              "DATABASE_URL": {
                "generate_value": false,
                "value": "postgresql://alcalluser:NO0wh4lReR4KIhifFUrgglFKXfACvUxq@dpg-d1pa3vbipnbc73fr5oog-a.frankfurt-postgres.render.com:5432/alcalldb"
              }
            },
            "environment_id": null,
            "health_check_path": "",
            "id": "srv-d1pagijipnbc73frjb20",
            "max_shutdown_delay_seconds": null,
            "name": "alcall-auth-service",
            "notification_override": {
              "notifications_to_send": "default",
              "preview_notifications_enabled": "default"
            },
            "num_instances": null,
            "plan": "starter",
            "pre_deploy_command": null,
            "pull_request_previews_enabled": false,
            "region": "frankfurt",
            "root_directory": "",
            "runtime_source": {
              "docker": {
                "auto_deploy": true,
                "branch": "repo-setup-fixes",
                "build_filter": null,
                "context": ".",
                "dockerfile_path": "./Dockerfile",
                "registry_credential_id": null,
                "repo_url": "https://github.com/Nbouchek/alcall"
              },
              "image": null,
              "native_runtime": null
            },
            "secret_files": null,
            "slug": "alcall-auth-service",
            "start_command": null,
            "url": "https://alcall-auth-service.onrender.com"
          },
          "sensitive_attributes": [
            [
              {
                "type": "get_attr",
                "value": "env_vars"
              },
              {
                "type": "index",
                "value": {
                  "value": "DATABASE_URL",
                  "type": "string"
                }
              },
              {
                "type": "get_attr",
                "value": "value"
              }
            ]
          ],
          "dependencies": [
            "render_postgres.alcall_db"
          ]
        }
      ]
    }
  ],
  "check_results": null
}
