{
  "version": 4,
  "terraform_version": "1.5.7",
  "serial": 5,
  "lineage": "e5111ae9-72b6-c21e-b8b3-d1d9c7b3457e",
  "outputs": {},
  "resources": [
    {
      "mode": "managed",
      "type": "render_postgres",
      "name": "alcall_db",
      "provider": "provider[\"registry.terraform.io/render-oss/render\"]",
      "instances": [
        {
          "schema_version": 0,
          "attributes": {
            "connection_info": {
              "external_connection_string": "postgresql://alcalluser:NO0wh4lReR4KIhifFUrgglFKXfACvUxq@dpg-d1pa3vbipnbc73fr5oog-a.frankfurt-postgres.render.com:5432/alcalldb",
              "internal_connection_string": "postgresql://alcalluser:NO0wh4lReR4KIhifFUrgglFKXfACvUxq@dpg-d1pa3vbipnbc73fr5oog-a/alcalldb",
              "password": "NO0wh4lReR4KIhifFUrgglFKXfACvUxq",
              "psql_command": "PGPASSWORD=NO0wh4lReR4KIhifFUrgglFKXfACvUxq psql -h dpg-d1pa3vbipnbc73fr5oog-a.frankfurt-postgres.render.com -p 5432 -U alcalluser alcalldb"
            },
            "database_name": "alcalldb",
            "database_user": "alcalluser",
            "datadog_api_key": null,
            "environment_id": null,
            "high_availability_enabled": false,
            "id": "dpg-d1pa3vbipnbc73fr5oog-a",
            "ip_allow_list": [],
            "name": "alcall-postgres-db",
            "plan": "free",
            "primary_postgres_id": null,
            "read_replicas": null,
            "region": "frankfurt",
            "role": "primary",
            "version": "14"
          },
          "sensitive_attributes": []
        }
      ]
    },
    {
      "mode": "managed",
      "type": "render_project",
      "name": "alcall",
      "provider": "provider[\"registry.terraform.io/render-oss/render\"]",
      "instances": [
        {
          "schema_version": 0,
          "attributes": {
            "environments": {
              "development": {
                "id": "evm-d1p9jjmr433s73d5knjg",
                "name": "development",
                "protected_status": "unprotected"
              },
              "production": {
                "id": "evm-d1p9jjmr433s73d5knk0",
                "name": "production",
                "protected_status": "unprotected"
              }
            },
            "id": "prj-d1p9jjmr433s73d5knj0",
            "name": "alcall"
          },
          "sensitive_attributes": []
        }
      ]
    }
  ],
  "check_results": null
}
